PODS:
  - FLAnimatedImage (1.0.16)
  - NSTimer-Blocks (0.0.1)
  - ObjectMapper (3.5.3)
  - SDWebImage (5.12.3):
    - SDWebImage/Core (= 5.12.3)
  - SDWebImage/Core (5.12.3)
  - SwiftyGiphy (1.3.1):
    - FLAnimatedImage (~> 1.0)
    - NSTimer-Blocks
    - ObjectMapper (~> 3.0)
    - SDWebImage (~> 5.12.3)

DEPENDENCIES:
  - SwiftyGiphy (from `../SwiftyGiphy`)

SPEC REPOS:
  trunk:
    - FLAnimatedImage
    - NSTimer-Blocks
    - ObjectMapper
    - SDWebImage

EXTERNAL SOURCES:
  SwiftyGiphy:
    :path: "../SwiftyGiphy"

SPEC CHECKSUMS:
  FLAnimatedImage: 8f3e854ebf9680b71f0b6e700939687fc4d82b4b
  NSTimer-Blocks: 88faf9aef5f250ead087f3f67ae642517083bf36
  ObjectMapper: 97111c97e054a6ee25917662106689f0b4127b37
  SDWebImage: 53179a2dba77246efa8a9b85f5c5b21f8f43e38f
  SwiftyGiphy: 8aefc3a9fee40b6003d54b2433ed74214f4cf3c4

PODFILE CHECKSUM: 99ae6577f47a8d8b2d37875a1c21f2c41e5295fb

COCOAPODS: 1.11.2
